
Microsoft Visual Studio Solution File, Format Version 12.00
# Visual Studio Version 16
VisualStudioVersion = 16.0.30804.86
MinimumVisualStudioVersion = 10.0.40219.1
Project("{FAE04EC0-301F-11D3-BF4B-00C04F79EFBC}") = "ModBotInstaller", "ModBotInstaller\ModBotInstaller.csproj", "{05A49B66-270D-49C0-8BFB-99D8EF12B19A}"
EndProject
Project("{FAE04EC0-301F-11D3-BF4B-00C04F79EFBC}") = "AppDomainDelegateHolder", "AppDomainDelegateHolder\AppDomainDelegateHolder.csproj", "{755747BB-50F7-4F5F-BA21-B230412F3732}"
EndProject
Project("{FAE04EC0-301F-11D3-BF4B-00C04F79EFBC}") = "Mod-BotLauncher", "Mod-BotLauncher\Mod-BotLauncher.csproj", "{6C82DB01-3C48-498A-9665-C0AF47C599AB}"
EndProject
Global
	GlobalSection(SolutionConfigurationPlatforms) = preSolution
		Debug|Any CPU = Debug|Any CPU
		Release|Any CPU = Release|Any CPU
	EndGlobalSection
	GlobalSection(ProjectConfigurationPlatforms) = postSolution
		{05A49B66-270D-49C0-8BFB-99D8EF12B19A}.Debug|Any CPU.ActiveCfg = Debug|Any CPU
		{05A49B66-270D-49C0-8BFB-99D8EF12B19A}.Debug|Any CPU.Build.0 = Debug|Any CPU
		{05A49B66-270D-49C0-8BFB-99D8EF12B19A}.Release|Any CPU.ActiveCfg = Release|Any CPU
		{05A49B66-270D-49C0-8BFB-99D8EF12B19A}.Release|Any CPU.Build.0 = Release|Any CPU
		{755747BB-50F7-4F5F-BA21-B230412F3732}.Debug|Any CPU.ActiveCfg = Debug|Any CPU
		{755747BB-50F7-4F5F-BA21-B230412F3732}.Debug|Any CPU.Build.0 = Debug|Any CPU
		{755747BB-50F7-4F5F-BA21-B230412F3732}.Release|Any CPU.ActiveCfg = Release|Any CPU
		{755747BB-50F7-4F5F-BA21-B230412F3732}.Release|Any CPU.Build.0 = Release|Any CPU
		{6C82DB01-3C48-498A-9665-C0AF47C599AB}.Debug|Any CPU.ActiveCfg = Debug|Any CPU
		{6C82DB01-3C48-498A-9665-C0AF47C599AB}.Debug|Any CPU.Build.0 = Debug|Any CPU
		{6C82DB01-3C48-498A-9665-C0AF47C599AB}.Release|Any CPU.ActiveCfg = Release|Any CPU
		{6C82DB01-3C48-498A-9665-C0AF47C599AB}.Release|Any CPU.Build.0 = Release|Any CPU
	EndGlobalSection
	GlobalSection(SolutionProperties) = preSolution
		HideSolutionNode = FALSE
	EndGlobalSection
	GlobalSection(ExtensibilityGlobals) = postSolution
		SolutionGuid = {5081C8EC-E874-41AE-85B9-B1F5B6D471F2}
	EndGlobalSection
EndGlobal
